// !$*UTF8*$!
{
	archiveVersion = 1;
	classes = {
	};
	objectVersion = 55;
	objects = {

/* Begin PBXBuildFile section */
		264BEBFD284CB6D900C25EA3 /* PlantInTestTaskApp.swift in Sources */ = {isa = PBXBuildFile; fileRef = 264BEBFC284CB6D900C25EA3 /* PlantInTestTaskApp.swift */; };
		264BEBFF284CB6D900C25EA3 /* ContentView.swift in Sources */ = {isa = PBXBuildFile; fileRef = 264BEBFE284CB6D900C25EA3 /* ContentView.swift */; };
		264BEC01284CB6DA00C25EA3 /* Assets.xcassets in Resources */ = {isa = PBXBuildFile; fileRef = 264BEC00284CB6DA00C25EA3 /* Assets.xcassets */; };
		264BEC04284CB6DA00C25EA3 /* Preview Assets.xcassets in Resources */ = {isa = PBXBuildFile; fileRef = 264BEC03284CB6DA00C25EA3 /* Preview Assets.xcassets */; };
		264BEC0B284CCA0100C25EA3 /* StartScreen.swift in Sources */ = {isa = PBXBuildFile; fileRef = 264BEC0A284CCA0100C25EA3 /* StartScreen.swift */; };
		265D72AE284D33C70033484A /* Coins.swift in Sources */ = {isa = PBXBuildFile; fileRef = 265D72AD284D33C70033484A /* Coins.swift */; };
		265D72B0284D33E70033484A /* ProfileView.swift in Sources */ = {isa = PBXBuildFile; fileRef = 265D72AF284D33E70033484A /* ProfileView.swift */; };
		265D72B2284D33F10033484A /* MarketView.swift in Sources */ = {isa = PBXBuildFile; fileRef = 265D72B1284D33F10033484A /* MarketView.swift */; };
		265D72B4284D34DF0033484A /* News.swift in Sources */ = {isa = PBXBuildFile; fileRef = 265D72B3284D34DF0033484A /* News.swift */; };
		6DC29711E435B79708DDC8AE /* Pods_PlantInTestTask.framework in Frameworks */ = {isa = PBXBuildFile; fileRef = 502611CA3A43F8E0B3EAC464 /* Pods_PlantInTestTask.framework */; };
/* End PBXBuildFile section */

/* Begin PBXFileReference section */
		264BEBF9284CB6D900C25EA3 /* PlantInTestTask.app */ = {isa = PBXFileReference; explicitFileType = wrapper.application; includeInIndex = 0; path = PlantInTestTask.app; sourceTree = BUILT_PRODUCTS_DIR; };
		264BEBFC284CB6D900C25EA3 /* PlantInTestTaskApp.swift */ = {isa = PBXFileReference; lastKnownFileType = sourcecode.swift; path = PlantInTestTaskApp.swift; sourceTree = "<group>"; };
		264BEBFE284CB6D900C25EA3 /* ContentView.swift */ = {isa = PBXFileReference; lastKnownFileType = sourcecode.swift; path = ContentView.swift; sourceTree = "<group>"; };
		264BEC00284CB6DA00C25EA3 /* Assets.xcassets */ = {isa = PBXFileReference; lastKnownFileType = folder.assetcatalog; path = Assets.xcassets; sourceTree = "<group>"; };
		264BEC03284CB6DA00C25EA3 /* Preview Assets.xcassets */ = {isa = PBXFileReference; lastKnownFileType = folder.assetcatalog; path = "Preview Assets.xcassets"; sourceTree = "<group>"; };
		264BEC0A284CCA0100C25EA3 /* StartScreen.swift */ = {isa = PBXFileReference; lastKnownFileType = sourcecode.swift; path = StartScreen.swift; sourceTree = "<group>"; };
		265D72AD284D33C70033484A /* Coins.swift */ = {isa = PBXFileReference; lastKnownFileType = sourcecode.swift; path = Coins.swift; sourceTree = "<group>"; };
		265D72AF284D33E70033484A /* ProfileView.swift */ = {isa = PBXFileReference; lastKnownFileType = sourcecode.swift; path = ProfileView.swift; sourceTree = "<group>"; };
		265D72B1284D33F10033484A /* MarketView.swift */ = {isa = PBXFileReference; lastKnownFileType = sourcecode.swift; path = MarketView.swift; sourceTree = "<group>"; };
		265D72B3284D34DF0033484A /* News.swift */ = {isa = PBXFileReference; lastKnownFileType = sourcecode.swift; path = News.swift; sourceTree = "<group>"; };
		3AB6CEDBFCDF4657A0054CF3 /* Pods-PlantInTestTask.debug.xcconfig */ = {isa = PBXFileReference; includeInIndex = 1; lastKnownFileType = text.xcconfig; name = "Pods-PlantInTestTask.debug.xcconfig"; path = "Target Support Files/Pods-PlantInTestTask/Pods-PlantInTestTask.debug.xcconfig"; sourceTree = "<group>"; };
		47060697179AE796E228F2F1 /* Pods-PlantInTestTask.release.xcconfig */ = {isa = PBXFileReference; includeInIndex = 1; lastKnownFileType = text.xcconfig; name = "Pods-PlantInTestTask.release.xcconfig"; path = "Target Support Files/Pods-PlantInTestTask/Pods-PlantInTestTask.release.xcconfig"; sourceTree = "<group>"; };
		502611CA3A43F8E0B3EAC464 /* Pods_PlantInTestTask.framework */ = {isa = PBXFileReference; explicitFileType = wrapper.framework; includeInIndex = 0; path = Pods_PlantInTestTask.framework; sourceTree = BUILT_PRODUCTS_DIR; };
/* End PBXFileReference section */

/* Begin PBXFrameworksBuildPhase section */
		264BEBF6284CB6D900C25EA3 /* Frameworks */ = {
			isa = PBXFrameworksBuildPhase;
			buildActionMask = 2147483647;
			files = (
				6DC29711E435B79708DDC8AE /* Pods_PlantInTestTask.framework in Frameworks */,
			);
			runOnlyForDeploymentPostprocessing = 0;
		};
/* End PBXFrameworksBuildPhase section */

/* Begin PBXGroup section */
		264BEBF0284CB6D900C25EA3 = {
			isa = PBXGroup;
			children = (
				264BEBFB284CB6D900C25EA3 /* PlantInTestTask */,
				264BEBFA284CB6D900C25EA3 /* Products */,
				FEA4A1DC8A31818034BF3F7B /* Pods */,
				64454FDACC034BFF200D859C /* Frameworks */,
			);
			sourceTree = "<group>";
		};
		264BEBFA284CB6D900C25EA3 /* Products */ = {
			isa = PBXGroup;
			children = (
				264BEBF9284CB6D900C25EA3 /* PlantInTestTask.app */,
			);
			name = Products;
			sourceTree = "<group>";
		};
		264BEBFB284CB6D900C25EA3 /* PlantInTestTask */ = {
			isa = PBXGroup;
			children = (
				264BEBFC284CB6D900C25EA3 /* PlantInTestTaskApp.swift */,
				264BEBFE284CB6D900C25EA3 /* ContentView.swift */,
				264BEC0A284CCA0100C25EA3 /* StartScreen.swift */,
				264BEC00284CB6DA00C25EA3 /* Assets.xcassets */,
				264BEC02284CB6DA00C25EA3 /* Preview Content */,
				265D72AD284D33C70033484A /* Coins.swift */,
				265D72AF284D33E70033484A /* ProfileView.swift */,
				265D72B1284D33F10033484A /* MarketView.swift */,
				265D72B3284D34DF0033484A /* News.swift */,
			);
			path = PlantInTestTask;
			sourceTree = "<group>";
		};
		264BEC02284CB6DA00C25EA3 /* Preview Content */ = {
			isa = PBXGroup;
			children = (
				264BEC03284CB6DA00C25EA3 /* Preview Assets.xcassets */,
			);
			path = "Preview Content";
			sourceTree = "<group>";
		};
		64454FDACC034BFF200D859C /* Frameworks */ = {
			isa = PBXGroup;
			children = (
				502611CA3A43F8E0B3EAC464 /* Pods_PlantInTestTask.framework */,
			);
			name = Frameworks;
			sourceTree = "<group>";
		};
		FEA4A1DC8A31818034BF3F7B /* Pods */ = {
			isa = PBXGroup;
			children = (
				3AB6CEDBFCDF4657A0054CF3 /* Pods-PlantInTestTask.debug.xcconfig */,
				47060697179AE796E228F2F1 /* Pods-PlantInTestTask.release.xcconfig */,
			);
			name = Pods;
			path = Pods;
			sourceTree = "<group>";
		};
/* End PBXGroup section */

/* Begin PBXNativeTarget section */
		264BEBF8284CB6D900C25EA3 /* PlantInTestTask */ = {
			isa = PBXNativeTarget;
			buildConfigurationList = 264BEC07284CB6DA00C25EA3 /* Build configuration list for PBXNativeTarget "PlantInTestTask" */;
			buildPhases = (
				1E0BC9FC67DF20F82CA9EAB4 /* [CP] Check Pods Manifest.lock */,
				264BEBF5284CB6D900C25EA3 /* Sources */,
				264BEBF6284CB6D900C25EA3 /* Frameworks */,
				264BEBF7284CB6D900C25EA3 /* Resources */,
				2D4FB95B94E380F8506B9652 /* [CP] Embed Pods Frameworks */,
			);
			buildRules = (
			);
			dependencies = (
			);
			name = PlantInTestTask;
			productName = PlantInTestTask;
			productReference = 264BEBF9284CB6D900C25EA3 /* PlantInTestTask.app */;
			productType = "com.apple.product-type.application";
		};
/* End PBXNativeTarget section */

/* Begin PBXProject section */
		264BEBF1284CB6D900C25EA3 /* Project object */ = {
			isa = PBXProject;
			attributes = {
				BuildIndependentTargetsInParallel = 1;
				LastSwiftUpdateCheck = 1330;
				LastUpgradeCheck = 1330;
				TargetAttributes = {
					264BEBF8284CB6D900C25EA3 = {
						CreatedOnToolsVersion = 13.3;
					};
				};
			};
			buildConfigurationList = 264BEBF4284CB6D900C25EA3 /* Build configuration list for PBXProject "PlantInTestTask" */;
			compatibilityVersion = "Xcode 13.0";
			developmentRegion = en;
			hasScannedForEncodings = 0;
			knownRegions = (
				en,
				Base,
			);
			mainGroup = 264BEBF0284CB6D900C25EA3;
			productRefGroup = 264BEBFA284CB6D900C25EA3 /* Products */;
			projectDirPath = "";
			projectRoot = "";
			targets = (
				264BEBF8284CB6D900C25EA3 /* PlantInTestTask */,
			);
		};
/* End PBXProject section */

/* Begin PBXResourcesBuildPhase section */
		264BEBF7284CB6D900C25EA3 /* Resources */ = {
			isa = PBXResourcesBuildPhase;
			buildActionMask = 2147483647;
			files = (
				264BEC04284CB6DA00C25EA3 /* Preview Assets.xcassets in Resources */,
				264BEC01284CB6DA00C25EA3 /* Assets.xcassets in Resources */,
			);
			runOnlyForDeploymentPostprocessing = 0;
		};
/* End PBXResourcesBuildPhase section */

/* Begin PBXShellScriptBuildPhase section */
		1E0BC9FC67DF20F82CA9EAB4 /* [CP] Check Pods Manifest.lock */ = {
			isa = PBXShellScriptBuildPhase;
			buildActionMask = 2147483647;
			files = (
			);
			inputFileListPaths = (
			);
			inputPaths = (
				"${PODS_PODFILE_DIR_PATH}/Podfile.lock",
				"${PODS_ROOT}/Manifest.lock",
			);
			name = "[CP] Check Pods Manifest.lock";
			outputFileListPaths = (
			);
			outputPaths = (
				"$(DERIVED_FILE_DIR)/Pods-PlantInTestTask-checkManifestLockResult.txt",
			);
			runOnlyForDeploymentPostprocessing = 0;
			shellPath = /bin/sh;
			shellScript = "diff \"${PODS_PODFILE_DIR_PATH}/Podfile.lock\" \"${PODS_ROOT}/Manifest.lock\" > /dev/null\nif [ $? != 0 ] ; then\n    # print error to STDERR\n    echo \"error: The sandbox is not in sync with the Podfile.lock. Run 'pod install' or update your CocoaPods installation.\" >&2\n    exit 1\nfi\n# This output is used by Xcode 'outputs' to avoid re-running this script phase.\necho \"SUCCESS\" > \"${SCRIPT_OUTPUT_FILE_0}\"\n";
			showEnvVarsInLog = 0;
		};
		2D4FB95B94E380F8506B9652 /* [CP] Embed Pods Frameworks */ = {
			isa = PBXShellScriptBuildPhase;
			buildActionMask = 2147483647;
			files = (
			);
			inputFileListPaths = (
				"${PODS_ROOT}/Target Support Files/Pods-PlantInTestTask/Pods-PlantInTestTask-frameworks-${CONFIGURATION}-input-files.xcfilelist",
			);
			name = "[CP] Embed Pods Frameworks";
			outputFileListPaths = (
				"${PODS_ROOT}/Target Support Files/Pods-PlantInTestTask/Pods-PlantInTestTask-frameworks-${CONFIGURATION}-output-files.xcfilelist",
			);
			runOnlyForDeploymentPostprocessing = 0;
			shellPath = /bin/sh;
			shellScript = "\"${PODS_ROOT}/Target Support Files/Pods-PlantInTestTask/Pods-PlantInTestTask-frameworks.sh\"\n";
			showEnvVarsInLog = 0;
		};
/* End PBXShellScriptBuildPhase section */

/* Begin PBXSourcesBuildPhase section */
		264BEBF5284CB6D900C25EA3 /* Sources */ = {
			isa = PBXSourcesBuildPhase;
			buildActionMask = 2147483647;
			files = (
				264BEBFF284CB6D900C25EA3 /* ContentView.swift in Sources */,
				264BEBFD284CB6D900C25EA3 /* PlantInTestTaskApp.swift in Sources */,
				265D72B2284D33F10033484A /* MarketView.swift in Sources */,
				265D72B0284D33E70033484A /* ProfileView.swift in Sources */,
				265D72B4284D34DF0033484A /* News.swift in Sources */,
				265D72AE284D33C70033484A /* Coins.swift in Sources */,
				264BEC0B284CCA0100C25EA3 /* StartScreen.swift in Sources */,
			);
			runOnlyForDeploymentPostprocessing = 0;
		};
/* End PBXSourcesBuildPhase section */

/* Begin XCBuildConfiguration section */
		264BEC05284CB6DA00C25EA3 /* Debug */ = {
			isa = XCBuildConfiguration;
			buildSettings = {
				ALWAYS_SEARCH_USER_PATHS = NO;
				CLANG_ANALYZER_NONNULL = YES;
				CLANG_ANALYZER_NUMBER_OBJECT_CONVERSION = YES_AGGRESSIVE;
				CLANG_CXX_LANGUAGE_STANDARD = "gnu++17";
				CLANG_ENABLE_MODULES = YES;
				CLANG_ENABLE_OBJC_ARC = YES;
				CLANG_ENABLE_OBJC_WEAK = YES;
				CLANG_WARN_BLOCK_CAPTURE_AUTORELEASING = YES;
				CLANG_WARN_BOOL_CONVERSION = YES;
				CLANG_WARN_COMMA = YES;
				CLANG_WARN_CONSTANT_CONVERSION = YES;
				CLANG_WARN_DEPRECATED_OBJC_IMPLEMENTATIONS = YES;
				CLANG_WARN_DIRECT_OBJC_ISA_USAGE = YES_ERROR;
				CLANG_WARN_DOCUMENTATION_COMMENTS = YES;
				CLANG_WARN_EMPTY_BODY = YES;
				CLANG_WARN_ENUM_CONVERSION = YES;
				CLANG_WARN_INFINITE_RECURSION = YES;
				CLANG_WARN_INT_CONVERSION = YES;
				CLANG_WARN_NON_LITERAL_NULL_CONVERSION = YES;
				CLANG_WARN_OBJC_IMPLICIT_RETAIN_SELF = YES;
				CLANG_WARN_OBJC_LITERAL_CONVERSION = YES;
				CLANG_WARN_OBJC_ROOT_CLASS = YES_ERROR;
				CLANG_WARN_QUOTED_INCLUDE_IN_FRAMEWORK_HEADER = YES;
				CLANG_WARN_RANGE_LOOP_ANALYSIS = YES;
				CLANG_WARN_STRICT_PROTOTYPES = YES;
				CLANG_WARN_SUSPICIOUS_MOVE = YES;
				CLANG_WARN_UNGUARDED_AVAILABILITY = YES_AGGRESSIVE;
				CLANG_WARN_UNREACHABLE_CODE = YES;
				CLANG_WARN__DUPLICATE_METHOD_MATCH = YES;
				COPY_PHASE_STRIP = NO;
				DEBUG_INFORMATION_FORMAT = dwarf;
				ENABLE_STRICT_OBJC_MSGSEND = YES;
				ENABLE_TESTABILITY = YES;
				GCC_C_LANGUAGE_STANDARD = gnu11;
				GCC_DYNAMIC_NO_PIC = NO;
				GCC_NO_COMMON_BLOCKS = YES;
				GCC_OPTIMIZATION_LEVEL = 0;
				GCC_PREPROCESSOR_DEFINITIONS = (
					"DEBUG=1",
					"$(inherited)",
				);
				GCC_WARN_64_TO_32_BIT_CONVERSION = YES;
				GCC_WARN_ABOUT_RETURN_TYPE = YES_ERROR;
				GCC_WARN_UNDECLARED_SELECTOR = YES;
				GCC_WARN_UNINITIALIZED_AUTOS = YES_AGGRESSIVE;
				GCC_WARN_UNUSED_FUNCTION = YES;
				GCC_WARN_UNUSED_VARIABLE = YES;
				IPHONEOS_DEPLOYMENT_TARGET = 15.4;
				MTL_ENABLE_DEBUG_INFO = INCLUDE_SOURCE;
				MTL_FAST_MATH = YES;
				ONLY_ACTIVE_ARCH = YES;
				SDKROOT = iphoneos;
				SWIFT_ACTIVE_COMPILATION_CONDITIONS = DEBUG;
				SWIFT_OPTIMIZATION_LEVEL = "-Onone";
			};
			name = Debug;
		};
		264BEC06284CB6DA00C25EA3 /* Release */ = {
			isa = XCBuildConfiguration;
			buildSettings = {
				ALWAYS_SEARCH_USER_PATHS = NO;
				CLANG_ANALYZER_NONNULL = YES;
				CLANG_ANALYZER_NUMBER_OBJECT_CONVERSION = YES_AGGRESSIVE;
				CLANG_CXX_LANGUAGE_STANDARD = "gnu++17";
				CLANG_ENABLE_MODULES = YES;
				CLANG_ENABLE_OBJC_ARC = YES;
				CLANG_ENABLE_OBJC_WEAK = YES;
				CLANG_WARN_BLOCK_CAPTURE_AUTORELEASING = YES;
				CLANG_WARN_BOOL_CONVERSION = YES;
				CLANG_WARN_COMMA = YES;
				CLANG_WARN_CONSTANT_CONVERSION = YES;
				CLANG_WARN_DEPRECATED_OBJC_IMPLEMENTATIONS = YES;
				CLANG_WARN_DIRECT_OBJC_ISA_USAGE = YES_ERROR;
				CLANG_WARN_DOCUMENTATION_COMMENTS = YES;
				CLANG_WARN_EMPTY_BODY = YES;
				CLANG_WARN_ENUM_CONVERSION = YES;
				CLANG_WARN_INFINITE_RECURSION = YES;
				CLANG_WARN_INT_CONVERSION = YES;
				CLANG_WARN_NON_LITERAL_NULL_CONVERSION = YES;
				CLANG_WARN_OBJC_IMPLICIT_RETAIN_SELF = YES;
				CLANG_WARN_OBJC_LITERAL_CONVERSION = YES;
				CLANG_WARN_OBJC_ROOT_CLASS = YES_ERROR;
				CLANG_WARN_QUOTED_INCLUDE_IN_FRAMEWORK_HEADER = YES;
				CLANG_WARN_RANGE_LOOP_ANALYSIS = YES;
				CLANG_WARN_STRICT_PROTOTYPES = YES;
				CLANG_WARN_SUSPICIOUS_MOVE = YES;
				CLANG_WARN_UNGUARDED_AVAILABILITY = YES_AGGRESSIVE;
				CLANG_WARN_UNREACHABLE_CODE = YES;
				CLANG_WARN__DUPLICATE_METHOD_MATCH = YES;
				COPY_PHASE_STRIP = NO;
				DEBUG_INFORMATION_FORMAT = "dwarf-with-dsym";
				ENABLE_NS_ASSERTIONS = NO;
				ENABLE_STRICT_OBJC_MSGSEND = YES;
				GCC_C_LANGUAGE_STANDARD = gnu11;
				GCC_NO_COMMON_BLOCKS = YES;
				GCC_WARN_64_TO_32_BIT_CONVERSION = YES;
				GCC_WARN_ABOUT_RETURN_TYPE = YES_ERROR;
				GCC_WARN_UNDECLARED_SELECTOR = YES;
				GCC_WARN_UNINITIALIZED_AUTOS = YES_AGGRESSIVE;
				GCC_WARN_UNUSED_FUNCTION = YES;
				GCC_WARN_UNUSED_VARIABLE = YES;
				IPHONEOS_DEPLOYMENT_TARGET = 15.4;
				MTL_ENABLE_DEBUG_INFO = NO;
				MTL_FAST_MATH = YES;
				SDKROOT = iphoneos;
				SWIFT_COMPILATION_MODE = wholemodule;
				SWIFT_OPTIMIZATION_LEVEL = "-O";
				VALIDATE_PRODUCT = YES;
			};
			name = Release;
		};
		264BEC08284CB6DA00C25EA3 /* Debug */ = {
			isa = XCBuildConfiguration;
			baseConfigurationReference = 3AB6CEDBFCDF4657A0054CF3 /* Pods-PlantInTestTask.debug.xcconfig */;
			buildSettings = {
				ASSETCATALOG_COMPILER_APPICON_NAME = AppIcon;
				ASSETCATALOG_COMPILER_GLOBAL_ACCENT_COLOR_NAME = AccentColor;
				CODE_SIGN_STYLE = Automatic;
				CURRENT_PROJECT_VERSION = 1;
				DEVELOPMENT_ASSET_PATHS = "\"PlantInTestTask/Preview Content\"";
				DEVELOPMENT_TEAM = 85VS36C4NY;
				ENABLE_PREVIEWS = YES;
				GENERATE_INFOPLIST_FILE = YES;
				INFOPLIST_KEY_UIApplicationSceneManifest_Generation = YES;
				INFOPLIST_KEY_UIApplicationSupportsIndirectInputEvents = YES;
				INFOPLIST_KEY_UILaunchScreen_Generation = YES;
				INFOPLIST_KEY_UISupportedInterfaceOrientations = UIInterfaceOrientationPortrait;
				INFOPLIST_KEY_UISupportedInterfaceOrientations_iPad = "UIInterfaceOrientationPortrait UIInterfaceOrientationPortraitUpsideDown UIInterfaceOrientationLandscapeLeft UIInterfaceOrientationLandscapeRight";
				INFOPLIST_KEY_UISupportedInterfaceOrientations_iPhone = "UIInterfaceOrientationPortrait UIInterfaceOrientationLandscapeLeft UIInterfaceOrientationLandscapeRight";
				IPHONEOS_DEPLOYMENT_TARGET = 14.0;
				LD_RUNPATH_SEARCH_PATHS = (
					"$(inherited)",
					"@executable_path/Frameworks",
				);
				MARKETING_VERSION = 1.0;
				PRODUCT_BUNDLE_IDENTIFIER = com.ivanmel.PlantInTestTask;
				PRODUCT_NAME = "$(TARGET_NAME)";
				SWIFT_EMIT_LOC_STRINGS = YES;
				SWIFT_VERSION = 5.0;
				TARGETED_DEVICE_FAMILY = "1,2";
			};
			name = Debug;
		};
		264BEC09284CB6DA00C25EA3 /* Release */ = {
			isa = XCBuildConfiguration;
			baseConfigurationReference = 47060697179AE796E228F2F1 /* Pods-PlantInTestTask.release.xcconfig */;
			buildSettings = {
				ASSETCATALOG_COMPILER_APPICON_NAME = AppIcon;
				ASSETCATALOG_COMPILER_GLOBAL_ACCENT_COLOR_NAME = AccentColor;
				CODE_SIGN_STYLE = Automatic;
				CURRENT_PROJECT_VERSION = 1;
				DEVELOPMENT_ASSET_PATHS = "\"PlantInTestTask/Preview Content\"";
				DEVELOPMENT_TEAM = 85VS36C4NY;
				ENABLE_PREVIEWS = YES;
				GENERATE_INFOPLIST_FILE = YES;
				INFOPLIST_KEY_UIApplicationSceneManifest_Generation = YES;
				INFOPLIST_KEY_UIApplicationSupportsIndirectInputEvents = YES;
				INFOPLIST_KEY_UILaunchScreen_Generation = YES;
				INFOPLIST_KEY_UISupportedInterfaceOrientations = UIInterfaceOrientationPortrait;
				INFOPLIST_KEY_UISupportedInterfaceOrientations_iPad = "UIInterfaceOrientationPortrait UIInterfaceOrientationPortraitUpsideDown UIInterfaceOrientationLandscapeLeft UIInterfaceOrientationLandscapeRight";
				INFOPLIST_KEY_UISupportedInterfaceOrientations_iPhone = "UIInterfaceOrientationPortrait UIInterfaceOrientationLandscapeLeft UIInterfaceOrientationLandscapeRight";
				IPHONEOS_DEPLOYMENT_TARGET = 14.0;
				LD_RUNPATH_SEARCH_PATHS = (
					"$(inherited)",
					"@executable_path/Frameworks",
				);
				MARKETING_VERSION = 1.0;
				PRODUCT_BUNDLE_IDENTIFIER = com.ivanmel.PlantInTestTask;
				PRODUCT_NAME = "$(TARGET_NAME)";
				SWIFT_EMIT_LOC_STRINGS = YES;
				SWIFT_VERSION = 5.0;
				TARGETED_DEVICE_FAMILY = "1,2";
			};
			name = Release;
		};
/* End XCBuildConfiguration section */

/* Begin XCConfigurationList section */
		264BEBF4284CB6D900C25EA3 /* Build configuration list for PBXProject "PlantInTestTask" */ = {
			isa = XCConfigurationList;
			buildConfigurations = (
				264BEC05284CB6DA00C25EA3 /* Debug */,
				264BEC06284CB6DA00C25EA3 /* Release */,
			);
			defaultConfigurationIsVisible = 0;
			defaultConfigurationName = Release;
		};
		264BEC07284CB6DA00C25EA3 /* Build configuration list for PBXNativeTarget "PlantInTestTask" */ = {
			isa = XCConfigurationList;
			buildConfigurations = (
				264BEC08284CB6DA00C25EA3 /* Debug */,
				264BEC09284CB6DA00C25EA3 /* Release */,
			);
			defaultConfigurationIsVisible = 0;
			defaultConfigurationName = Release;
		};
/* End XCConfigurationList section */
	};
	rootObject = 264BEBF1284CB6D900C25EA3 /* Project object */;
}
